
Microsoft Visual Studio Solution File, Format Version 12.00
Project("{FAE04EC0-301F-11D3-BF4B-00C04F79EFBC}") = "AwsLambdaEasyHandlers", "AwsLambdaEasyHandlers\AwsLambdaEasyHandlers.csproj", "{6424310F-59BB-451D-B73A-C68625F6DF62}"
EndProject
Project("{2150E333-8FDC-42A3-9474-1A3956D46DE8}") = "src", "src", "{42CE5AE4-44FE-45E5-93A8-77F1C15DB556}"
EndProject
Project("{2150E333-8FDC-42A3-9474-1A3956D46DE8}") = "test", "test", "{59AD393D-22B7-474B-82B7-BAEB6CAD36E6}"
EndProject
Project("{FAE04EC0-301F-11D3-BF4B-00C04F79EFBC}") = "AwsLambdaEasyHandlers.UnitTests", "AwsLambdaEasyHandlers.UnitTests\AwsLambdaEasyHandlers.UnitTests.csproj", "{631F6D2E-1E83-4E55-A295-163629EFE3B8}"
EndProject
Global
	GlobalSection(SolutionConfigurationPlatforms) = preSolution
		Debug|Any CPU = Debug|Any CPU
		Release|Any CPU = Release|Any CPU
	EndGlobalSection
	GlobalSection(ProjectConfigurationPlatforms) = postSolution
		{6424310F-59BB-451D-B73A-C68625F6DF62}.Debug|Any CPU.ActiveCfg = Debug|Any CPU
		{6424310F-59BB-451D-B73A-C68625F6DF62}.Debug|Any CPU.Build.0 = Debug|Any CPU
		{6424310F-59BB-451D-B73A-C68625F6DF62}.Release|Any CPU.ActiveCfg = Release|Any CPU
		{6424310F-59BB-451D-B73A-C68625F6DF62}.Release|Any CPU.Build.0 = Release|Any CPU
		{631F6D2E-1E83-4E55-A295-163629EFE3B8}.Debug|Any CPU.ActiveCfg = Debug|Any CPU
		{631F6D2E-1E83-4E55-A295-163629EFE3B8}.Debug|Any CPU.Build.0 = Debug|Any CPU
		{631F6D2E-1E83-4E55-A295-163629EFE3B8}.Release|Any CPU.ActiveCfg = Release|Any CPU
		{631F6D2E-1E83-4E55-A295-163629EFE3B8}.Release|Any CPU.Build.0 = Release|Any CPU
	EndGlobalSection
	GlobalSection(NestedProjects) = preSolution
		{6424310F-59BB-451D-B73A-C68625F6DF62} = {42CE5AE4-44FE-45E5-93A8-77F1C15DB556}
		{631F6D2E-1E83-4E55-A295-163629EFE3B8} = {59AD393D-22B7-474B-82B7-BAEB6CAD36E6}
	EndGlobalSection
EndGlobal
